
Microsoft Visual Studio Solution File, Format Version 12.00
# Visual Studio 15
VisualStudioVersion = 15.0.28010.2019
MinimumVisualStudioVersion = 10.0.40219.1
Project("{FAE04EC0-301F-11D3-BF4B-00C04F79EFBC}") = "Palindrome", "Palindrome\Palindrome.csproj", "{7CA7F439-22C3-4E0F-9A74-84348E390FFE}"
EndProject
Global
	GlobalSection(SolutionConfigurationPlatforms) = preSolution
		Debug|Any CPU = Debug|Any CPU
		Release|Any CPU = Release|Any CPU
	EndGlobalSection
	GlobalSection(ProjectConfigurationPlatforms) = postSolution
		{7CA7F439-22C3-4E0F-9A74-84348E390FFE}.Debug|Any CPU.ActiveCfg = Debug|Any CPU
		{7CA7F439-22C3-4E0F-9A74-84348E390FFE}.Debug|Any CPU.Build.0 = Debug|Any CPU
		{7CA7F439-22C3-4E0F-9A74-84348E390FFE}.Release|Any CPU.ActiveCfg = Release|Any CPU
		{7CA7F439-22C3-4E0F-9A74-84348E390FFE}.Release|Any CPU.Build.0 = Release|Any CPU
	EndGlobalSection
	GlobalSection(SolutionProperties) = preSolution
		HideSolutionNode = FALSE
	EndGlobalSection
	GlobalSection(ExtensibilityGlobals) = postSolution
		SolutionGuid = {7EBCA849-9CFD-44BB-B8E2-B7FC9DD5AAE8}
	EndGlobalSection
EndGlobal
